{
  "requires": true,
  "lockfileVersion": 1,
  "dependencies": {
    "mdbootstrap": {
      "version": "4.5.9",
      "resolved": "https://registry.npmjs.org/mdbootstrap/-/mdbootstrap-4.5.9.tgz",
      "integrity": "sha512-Yvkx5/gpz9yy/oU+WAf33jBQMEqsnHftAgoHbDcmtQnABx6GJrnV43+0On8Lx3XnH0DqqMSulqt4uL6vPSIOxA=="
    }
  }
}
